{
    "_meta": {
        "hash": {
            "sha256": "ac976db966433db818770e2f7ae10be65b8e28806d9e2e2ce43ec7dadf30d256"
        },
        "requires": {
            "python_version": "3.6"
        },
        "sources": [
            {
                "url": "https://pypi.python.org/simple",
                "verify_ssl": true
            }
        ]
    },
    "default": {
        "appdirs": {
            "hash": "sha256:d8b24664561d0d34ddfaec54636d502d7cea6e29c3eaf68f3df6180863e2166e",
            "version": "==1.4.3"
        },
        "certifi": {
            "hash": "sha256:54a07c09c586b0e4c619f02a5e94e36619da8e2b053e20f594348c0611803704",
            "version": "==2017.7.27.1"
        },
        "chardet": {
            "hash": "sha256:fc323ffcaeaed0e0a02bf4d117757b98aed530d9ed4531e3e15460124c106691",
            "version": "==3.0.4"
        },
        "dateparser": {
            "hash": "sha256:e2629d2f8361722c6047138ca085256c9f2cf5cc657fd66122aa0564afa4dc33",
            "version": "==0.6.0"
        },
        "diff-match-patch": {
            "hash": "sha256:9dba5611fbf27893347349fd51cc1911cb403682a7163373adacc565d11e2e4c",
            "version": "==20121119"
        },
        "ecdsa": {
            "hash": "sha256:40d002cf360d0e035cf2cb985e1308d41aaa087cbfc135b2dc2d844296ea546c",
            "version": "==0.13"
        },
        "funcy": {
            "hash": "sha256:a33ea9ccdc5d81ad68caff20d3b0cc232b15de5574d22c239784facaf567a9bc",
            "version": "==1.9.1"
        },
        "humanize": {
            "hash": "sha256:a43f57115831ac7c70de098e6ac46ac13be00d69abbf60bdcac251344785bb19",
            "version": "==0.5.1"
        },
        "idna": {
            "hash": "sha256:8c7309c718f94b3a625cb648ace320157ad16ff131ae0af362c9f21b80ef6ec4",
            "version": "==2.6"
        },
        "langdetect": {
            "hash": "sha256:91a170d5f0ade380db809b3ba67f08e95fe6c6c8641f96d67a51ff7e98a9bf30",
            "version": "==1.0.7"
        },
        "maya": {
            "hash": "sha256:b22d22837f921b8cbe884b6a288d9f795c58d9d9165e4a9ff80df102914e2e49",
            "version": "==0.3.3"
        },
        "pendulum": {
            "hash": "sha256:ea71a4a8f667a986aeb7621f6d240c81d16680e87df324a5aed6cb33e16e55ec",
            "version": "==1.3.0"
        },
        "pipfile": {
            "hash": "sha256:f7d9f15de8b660986557eb3cc5391aa1a16207ac41bc378d03f414762d36c984",
            "version": "==0.0.2"
        },
        "prettytable": {
            "hash": "sha256:a53da3b43d7a5c229b5e3ca2892ef982c46b7923b51e98f0db49956531211c4f",
            "version": "==0.7.2"
        },
        "pycrypto": {
            "hash": "sha256:f2ce1e989b272cfcb677616763e0a2e7ec659effa67a88aa92b3a65528f60a3c",
            "version": "==2.6.1"
        },
        "pylibscrypt": {
            "hash": "sha256:b389df5760df03fa5fdda3be7738cc66f29e4edaaba695f1f44e5815f9f4b484",
            "version": "==1.6.1"
        },
        "python-dateutil": {
            "hash": "sha256:95511bae634d69bc7329ba55e646499a842bc4ec342ad54a8cdb65645a0aad3c",
            "version": "==2.6.1"
        },
        "pytz": {
            "hash": "sha256:d1d6729c85acea5423671382868627129432fba9a89ecbb248d8d1c7a9f01c67",
            "version": "==2017.2"
        },
        "pytzdata": {
            "hash": "sha256:bd19fd653f89e498f1d4f9390d96456ce26ecd293a5e7405120a5de875d3314c",
            "version": "==2017.2.2"
        },
        "regex": {
            "hash": "sha256:80166c9e21c0171c7b502035f3ba25f43b5122def387ca6ba9706b6892fed7aa",
            "version": "==2017.09.23"
        },
        "requests": {
            "hash": "sha256:6a1b267aa90cac58ac3a765d067950e7dbbf75b1da07e895d1f594193a40a38b",
            "version": "==2.18.4"
        },
        "ruamel.yaml": {
            "hash": "sha256:d92d90c9bc0945223e47223a67808dd97ac9390ed914cc6871479b7ba489e607",
            "version": "==0.15.34"
        },
        "scrypt": {
            "hash": "sha256:d4a5a4f53450b8ef629bbf1ee4be6105c69936e49b3d8bc621ac2287f0c86020",
            "version": "==0.8.0"
        },
        "six": {
            "hash": "sha256:832dc0e10feb1aa2c68dcc57dbb658f1c7e65b9b61af69048abc87a2db00a0eb",
            "version": "==1.11.0"
        },
        "toml": {
            "hash": "sha256:e1e8c220046889234df5ec688d6f97b734fc4a08a6d8edfc176f4e6abf90cfb5",
            "version": "==0.9.3.1"
        },
        "toolz": {
            "hash": "sha256:4a13c90c426001d6299c5568cf5b98e095df9c985df194008a67f84ef4fc6c50",
            "version": "==0.8.2"
        },
        "tzlocal": {
            "hash": "sha256:05a2908f7fb1ba8843f03b2360d6ad314dbf2bce4644feb702ccd38527e13059",
            "version": "==1.4"
        },
        "ujson": {
            "hash": "sha256:f66073e5506e91d204ab0c614a148d5aa938bdbf104751be66f8ad7a222f5f86",
            "version": "==1.35"
        },
        "urllib3": {
            "hash": "sha256:06330f386d6e4b195fbfc736b297f58c5a892e4440e54d294d7004e3a9bbea1b",
            "version": "==1.22"
        },
        "voluptuous": {
            "hash": "sha256:7a7466f8dc3666a292d186d1d871a47bf2120836ccb900d5ba904674957a2396",
            "version": "==0.10.5"
        },
        "w3lib": {
            "hash": "sha256:7b661935805b7d39afe90bb32dec8e4d20b377e74c66597eb1ddfad10071938e",
            "version": "==1.18.0"
        }
    },
    "develop": {
        "alabaster": {
            "hash": "sha256:2eef172f44e8d301d25aff8068fddd65f767a3f04b5f15b0f4922f113aa1c732",
            "version": "==0.7.10"
        },
        "astroid": {
            "hash": "sha256:39a21dd2b5d81a6731dc0ac2884fa419532dffd465cdd43ea6c168d36b76efb3",
            "version": "==1.5.3"
        },
        "autopep8": {
            "hash": "sha256:eb1685527355809967a0363572289303dc05f4b05edbeee4c9051762103e0ee6",
            "version": "==1.3.2"
        },
        "babel": {
            "hash": "sha256:f20b2acd44f587988ff185d8949c3e208b4b3d5d20fcab7d91fe481ffa435528",
            "version": "==2.5.1"
        },
        "certifi": {
            "hash": "sha256:54a07c09c586b0e4c619f02a5e94e36619da8e2b053e20f594348c0611803704",
            "version": "==2017.7.27.1"
        },
        "chardet": {
            "hash": "sha256:fc323ffcaeaed0e0a02bf4d117757b98aed530d9ed4531e3e15460124c106691",
            "version": "==3.0.4"
        },
        "commonmark": {
            "hash": "sha256:34d73ec8085923c023930dfc0bcd1c4286e28a2a82de094bb72fabcc0281cbe5",
            "version": "==0.5.4"
        },
        "docutils": {
            "hash": "sha256:02aec4bd92ab067f6ff27a38a38a41173bf01bed8f89157768c1573f53e474a6",
            "version": "==0.14"
        },
        "idna": {
            "hash": "sha256:8c7309c718f94b3a625cb648ace320157ad16ff131ae0af362c9f21b80ef6ec4",
            "version": "==2.6"
        },
        "imagesize": {
            "hash": "sha256:6ebdc9e0ad188f9d1b2cdd9bc59cbe42bf931875e829e7a595e6b3abdc05cdfb",
            "version": "==0.7.1"
        },
        "isort": {
            "hash": "sha256:cd5d3fc2c16006b567a17193edf4ed9830d9454cbeb5a42ac80b36ea00c23db4",
            "version": "==4.2.15"
        },
        "jinja2": {
            "hash": "sha256:2231bace0dfd8d2bf1e5d7e41239c06c9e0ded46e70cc1094a0aa64b0afeb054",
            "version": "==2.9.6"
        },
        "lazy-object-proxy": {
            "hash": "sha256:7bd527f36a605c914efca5d3d014170b2cb184723e423d26b1fb2fd9108e264d",
            "version": "==1.3.1"
        },
        "markupsafe": {
            "hash": "sha256:a6be69091dac236ea9c6bc7d012beab42010fa914c459791d627dad4910eb665",
            "version": "==1.0"
        },
        "mccabe": {
            "hash": "sha256:ab8a6258860da4b6677da4bd2fe5dc2c659cff31b3ee4f7f5d64e79735b80d42",
            "version": "==0.6.1"
        },
        "pep8": {
            "hash": "sha256:4fc2e478addcf17016657dff30b2d8d611e8341fac19ccf2768802f6635d7b8a",
            "version": "==1.7.0"
        },
        "pip": {
            "hash": "sha256:690b762c0a8460c303c089d5d0be034fb15a5ea2b75bdf565f40421f542fefb0",
            "version": "==9.0.1"
        },
        "py": {
            "hash": "sha256:2ccb79b01769d99115aa600d7eed99f524bf752bba8f041dc1c184853514655a",
            "version": "==1.4.34"
        },
        "pycodestyle": {
            "hash": "sha256:6c4245ade1edfad79c3446fadfc96b0de2759662dc29d07d80a6f27ad1ca6ba9",
            "version": "==2.3.1"
        },
        "pygments": {
            "hash": "sha256:78f3f434bcc5d6ee09020f92ba487f95ba50f1e3ef83ae96b9d5ffa1bab25c5d",
            "version": "==2.2.0"
        },
        "pylint": {
            "hash": "sha256:948679535a28afc54afb9210dabc6973305409042ece8e5768ca1409910c1ed8",
            "version": "==1.7.4"
        },
        "pypandoc": {
            "hash": "sha256:e914e6d5f84a76764887e4d909b09d63308725f0cbb5293872c2c92f07c11a5b",
            "version": "==1.4"
        },
        "pytest": {
            "hash": "sha256:81a25f36a97da3313e1125fce9e7bbbba565bc7fec3c5beb14c262ddab238ac1",
            "version": "==3.2.3"
        },
        "pytest-pylint": {
            "hash": "sha256:ec63f7c4c05331654ab54fda8e68b8a11512009d506a8e35ee9b6d40a359356d",
            "version": "==0.7.1"
        },
        "pytz": {
            "hash": "sha256:d1d6729c85acea5423671382868627129432fba9a89ecbb248d8d1c7a9f01c67",
            "version": "==2017.2"
        },
        "recommonmark": {
            "hash": "sha256:cd8bf902e469dae94d00367a8197fb7b81fcabc9cfb79d520e0d22d0fbeaa8b7",
            "version": "==0.4.0"
        },
        "requests": {
            "hash": "sha256:6a1b267aa90cac58ac3a765d067950e7dbbf75b1da07e895d1f594193a40a38b",
            "version": "==2.18.4"
        },
        "setuptools": {
            "hash": "sha256:ef824aefbd20dc364891836b75a19386dcf2f4235bf7d80531a8517ab29d0602",
            "version": "==36.5.0"
        },
        "six": {
            "hash": "sha256:832dc0e10feb1aa2c68dcc57dbb658f1c7e65b9b61af69048abc87a2db00a0eb",
            "version": "==1.11.0"
        },
        "snowballstemmer": {
            "hash": "sha256:9f3bcd3c401c3e862ec0ebe6d2c069ebc012ce142cce209c098ccb5b09136e89",
            "version": "==1.2.1"
        },
        "sphinx": {
            "hash": "sha256:3e70eb94f7e81b47e0545ebc26b758193b6c8b222e152ded99b9c972e971c731",
            "version": "==1.6.4"
        },
        "sphinxcontrib-programoutput": {
            "hash": "sha256:bd47ff0e1cddec82e1d4501f6f0fa3f77481765fcc7c58ec685ef05b44386c40",
            "version": "==0.11"
        },
        "sphinxcontrib-restbuilder": {
            "hash": "sha256:8f2d7d73930fdedc3571adab32fbe843b4716829a291dbb27bab56b7c8d1e23d",
            "version": "==0.1"
        },
        "sphinxcontrib-websupport": {
            "hash": "sha256:f4932e95869599b89bf4f80fc3989132d83c9faa5bf633e7b5e0c25dffb75da2",
            "version": "==1.0.1"
        },
        "urllib3": {
            "hash": "sha256:06330f386d6e4b195fbfc736b297f58c5a892e4440e54d294d7004e3a9bbea1b",
            "version": "==1.22"
        },
        "wheel": {
            "hash": "sha256:e721e53864f084f956f40f96124a74da0631ac13fbbd1ba99e8e2b5e9cafdf64",
            "version": "==0.30.0"
        },
        "wrapt": {
            "hash": "sha256:d4d560d479f2c21e1b5443bbd15fe7ec4b37fe7e53d335d3b9b0a7b1226fe3c6",
            "version": "==1.10.11"
        },
        "yapf": {
            "hash": "sha256:b6a47545511839861ae92108476c119de27a4b137f380f2fd452bcc39bcd6c31",
            "version": "==0.18.0"
        }
    }
}
